
Microsoft Visual Studio Solution File, Format Version 12.00
# Visual Studio Version 17
VisualStudioVersion = 17.2.32505.173
MinimumVisualStudioVersion = 10.0.40219.1
Project("{9A19103F-16F7-4668-BE54-9A1E7A4F7556}") = "E01", "MoreBasicSyntaxConStatementsLoopsMoreExercise\E01.csproj", "{7FF7C2BE-8556-4B47-B04A-3FA3C5631430}"
EndProject
Project("{9A19103F-16F7-4668-BE54-9A1E7A4F7556}") = "E02", "E02\E02.csproj", "{1E8F3180-B390-47D4-81CB-51763FB81945}"
EndProject
Project("{9A19103F-16F7-4668-BE54-9A1E7A4F7556}") = "E03", "E03\E03.csproj", "{97530AA3-8D3A-4C98-98C1-07B02C5BBAB0}"
EndProject
Project("{9A19103F-16F7-4668-BE54-9A1E7A4F7556}") = "E04", "E04\E04.csproj", "{4E42ABCF-C264-44A1-9C76-36D30B27CDF5}"
EndProject
Project("{9A19103F-16F7-4668-BE54-9A1E7A4F7556}") = "E05", "E05\E05.csproj", "{3C86F108-B04E-41E9-BDE1-A78ACBEC45E0}"
EndProject
Global
	GlobalSection(SolutionConfigurationPlatforms) = preSolution
		Debug|Any CPU = Debug|Any CPU
		Release|Any CPU = Release|Any CPU
	EndGlobalSection
	GlobalSection(ProjectConfigurationPlatforms) = postSolution
		{7FF7C2BE-8556-4B47-B04A-3FA3C5631430}.Debug|Any CPU.ActiveCfg = Debug|Any CPU
		{7FF7C2BE-8556-4B47-B04A-3FA3C5631430}.Debug|Any CPU.Build.0 = Debug|Any CPU
		{7FF7C2BE-8556-4B47-B04A-3FA3C5631430}.Release|Any CPU.ActiveCfg = Release|Any CPU
		{7FF7C2BE-8556-4B47-B04A-3FA3C5631430}.Release|Any CPU.Build.0 = Release|Any CPU
		{1E8F3180-B390-47D4-81CB-51763FB81945}.Debug|Any CPU.ActiveCfg = Debug|Any CPU
		{1E8F3180-B390-47D4-81CB-51763FB81945}.Debug|Any CPU.Build.0 = Debug|Any CPU
		{1E8F3180-B390-47D4-81CB-51763FB81945}.Release|Any CPU.ActiveCfg = Release|Any CPU
		{1E8F3180-B390-47D4-81CB-51763FB81945}.Release|Any CPU.Build.0 = Release|Any CPU
		{97530AA3-8D3A-4C98-98C1-07B02C5BBAB0}.Debug|Any CPU.ActiveCfg = Debug|Any CPU
		{97530AA3-8D3A-4C98-98C1-07B02C5BBAB0}.Debug|Any CPU.Build.0 = Debug|Any CPU
		{97530AA3-8D3A-4C98-98C1-07B02C5BBAB0}.Release|Any CPU.ActiveCfg = Release|Any CPU
		{97530AA3-8D3A-4C98-98C1-07B02C5BBAB0}.Release|Any CPU.Build.0 = Release|Any CPU
		{4E42ABCF-C264-44A1-9C76-36D30B27CDF5}.Debug|Any CPU.ActiveCfg = Debug|Any CPU
		{4E42ABCF-C264-44A1-9C76-36D30B27CDF5}.Debug|Any CPU.Build.0 = Debug|Any CPU
		{4E42ABCF-C264-44A1-9C76-36D30B27CDF5}.Release|Any CPU.ActiveCfg = Release|Any CPU
		{4E42ABCF-C264-44A1-9C76-36D30B27CDF5}.Release|Any CPU.Build.0 = Release|Any CPU
		{3C86F108-B04E-41E9-BDE1-A78ACBEC45E0}.Debug|Any CPU.ActiveCfg = Debug|Any CPU
		{3C86F108-B04E-41E9-BDE1-A78ACBEC45E0}.Debug|Any CPU.Build.0 = Debug|Any CPU
		{3C86F108-B04E-41E9-BDE1-A78ACBEC45E0}.Release|Any CPU.ActiveCfg = Release|Any CPU
		{3C86F108-B04E-41E9-BDE1-A78ACBEC45E0}.Release|Any CPU.Build.0 = Release|Any CPU
	EndGlobalSection
	GlobalSection(SolutionProperties) = preSolution
		HideSolutionNode = FALSE
	EndGlobalSection
	GlobalSection(ExtensibilityGlobals) = postSolution
		SolutionGuid = {482F552B-A51D-4DBB-B280-63500F03F7E6}
	EndGlobalSection
EndGlobal
