
Microsoft Visual Studio Solution File, Format Version 12.00
# Visual Studio Version 17
VisualStudioVersion = 17.2.32505.173
MinimumVisualStudioVersion = 10.0.40219.1
Project("{9A19103F-16F7-4668-BE54-9A1E7A4F7556}") = "P01", "Arrays Exercise\P01.csproj", "{199A3B12-DF9C-4231-8BA9-7A91738CA35D}"
EndProject
Project("{9A19103F-16F7-4668-BE54-9A1E7A4F7556}") = "P02", "P02\P02.csproj", "{44906830-12D9-49F7-9B62-5581A1E00D5D}"
EndProject
Project("{9A19103F-16F7-4668-BE54-9A1E7A4F7556}") = "P03", "P03\P03.csproj", "{7CD9E1D9-14F3-46EE-8173-E9AEB4518265}"
EndProject
Project("{9A19103F-16F7-4668-BE54-9A1E7A4F7556}") = "P04", "P04\P04.csproj", "{3F01AAA1-7969-475F-A57C-FB5766744812}"
EndProject
Project("{9A19103F-16F7-4668-BE54-9A1E7A4F7556}") = "P05", "P05\P05.csproj", "{08441383-345D-4776-A8C0-992BA3889979}"
EndProject
Project("{9A19103F-16F7-4668-BE54-9A1E7A4F7556}") = "P06", "P06\P06.csproj", "{4D43C48C-8FF8-453E-A65F-81C9EC418E88}"
EndProject
Project("{9A19103F-16F7-4668-BE54-9A1E7A4F7556}") = "P07", "P07\P07.csproj", "{7FBFEF47-C8AE-4A2E-BB7E-7FC5DC946813}"
EndProject
Project("{9A19103F-16F7-4668-BE54-9A1E7A4F7556}") = "P08", "P08\P08.csproj", "{4866A085-F657-4A9F-BE00-0DEC3B087517}"
EndProject
Project("{9A19103F-16F7-4668-BE54-9A1E7A4F7556}") = "P09", "P09\P09.csproj", "{D64DC2AD-467A-423D-9035-6A6344DC31E3}"
EndProject
Project("{9A19103F-16F7-4668-BE54-9A1E7A4F7556}") = "P10", "P10\P10.csproj", "{DE8488EA-547F-4A94-9E58-9EFD7E28729B}"
EndProject
Global
	GlobalSection(SolutionConfigurationPlatforms) = preSolution
		Debug|Any CPU = Debug|Any CPU
		Release|Any CPU = Release|Any CPU
	EndGlobalSection
	GlobalSection(ProjectConfigurationPlatforms) = postSolution
		{199A3B12-DF9C-4231-8BA9-7A91738CA35D}.Debug|Any CPU.ActiveCfg = Debug|Any CPU
		{199A3B12-DF9C-4231-8BA9-7A91738CA35D}.Debug|Any CPU.Build.0 = Debug|Any CPU
		{199A3B12-DF9C-4231-8BA9-7A91738CA35D}.Release|Any CPU.ActiveCfg = Release|Any CPU
		{199A3B12-DF9C-4231-8BA9-7A91738CA35D}.Release|Any CPU.Build.0 = Release|Any CPU
		{44906830-12D9-49F7-9B62-5581A1E00D5D}.Debug|Any CPU.ActiveCfg = Debug|Any CPU
		{44906830-12D9-49F7-9B62-5581A1E00D5D}.Debug|Any CPU.Build.0 = Debug|Any CPU
		{44906830-12D9-49F7-9B62-5581A1E00D5D}.Release|Any CPU.ActiveCfg = Release|Any CPU
		{44906830-12D9-49F7-9B62-5581A1E00D5D}.Release|Any CPU.Build.0 = Release|Any CPU
		{7CD9E1D9-14F3-46EE-8173-E9AEB4518265}.Debug|Any CPU.ActiveCfg = Debug|Any CPU
		{7CD9E1D9-14F3-46EE-8173-E9AEB4518265}.Debug|Any CPU.Build.0 = Debug|Any CPU
		{7CD9E1D9-14F3-46EE-8173-E9AEB4518265}.Release|Any CPU.ActiveCfg = Release|Any CPU
		{7CD9E1D9-14F3-46EE-8173-E9AEB4518265}.Release|Any CPU.Build.0 = Release|Any CPU
		{3F01AAA1-7969-475F-A57C-FB5766744812}.Debug|Any CPU.ActiveCfg = Debug|Any CPU
		{3F01AAA1-7969-475F-A57C-FB5766744812}.Debug|Any CPU.Build.0 = Debug|Any CPU
		{3F01AAA1-7969-475F-A57C-FB5766744812}.Release|Any CPU.ActiveCfg = Release|Any CPU
		{3F01AAA1-7969-475F-A57C-FB5766744812}.Release|Any CPU.Build.0 = Release|Any CPU
		{08441383-345D-4776-A8C0-992BA3889979}.Debug|Any CPU.ActiveCfg = Debug|Any CPU
		{08441383-345D-4776-A8C0-992BA3889979}.Debug|Any CPU.Build.0 = Debug|Any CPU
		{08441383-345D-4776-A8C0-992BA3889979}.Release|Any CPU.ActiveCfg = Release|Any CPU
		{08441383-345D-4776-A8C0-992BA3889979}.Release|Any CPU.Build.0 = Release|Any CPU
		{4D43C48C-8FF8-453E-A65F-81C9EC418E88}.Debug|Any CPU.ActiveCfg = Debug|Any CPU
		{4D43C48C-8FF8-453E-A65F-81C9EC418E88}.Debug|Any CPU.Build.0 = Debug|Any CPU
		{4D43C48C-8FF8-453E-A65F-81C9EC418E88}.Release|Any CPU.ActiveCfg = Release|Any CPU
		{4D43C48C-8FF8-453E-A65F-81C9EC418E88}.Release|Any CPU.Build.0 = Release|Any CPU
		{7FBFEF47-C8AE-4A2E-BB7E-7FC5DC946813}.Debug|Any CPU.ActiveCfg = Debug|Any CPU
		{7FBFEF47-C8AE-4A2E-BB7E-7FC5DC946813}.Debug|Any CPU.Build.0 = Debug|Any CPU
		{7FBFEF47-C8AE-4A2E-BB7E-7FC5DC946813}.Release|Any CPU.ActiveCfg = Release|Any CPU
		{7FBFEF47-C8AE-4A2E-BB7E-7FC5DC946813}.Release|Any CPU.Build.0 = Release|Any CPU
		{4866A085-F657-4A9F-BE00-0DEC3B087517}.Debug|Any CPU.ActiveCfg = Debug|Any CPU
		{4866A085-F657-4A9F-BE00-0DEC3B087517}.Debug|Any CPU.Build.0 = Debug|Any CPU
		{4866A085-F657-4A9F-BE00-0DEC3B087517}.Release|Any CPU.ActiveCfg = Release|Any CPU
		{4866A085-F657-4A9F-BE00-0DEC3B087517}.Release|Any CPU.Build.0 = Release|Any CPU
		{D64DC2AD-467A-423D-9035-6A6344DC31E3}.Debug|Any CPU.ActiveCfg = Debug|Any CPU
		{D64DC2AD-467A-423D-9035-6A6344DC31E3}.Debug|Any CPU.Build.0 = Debug|Any CPU
		{D64DC2AD-467A-423D-9035-6A6344DC31E3}.Release|Any CPU.ActiveCfg = Release|Any CPU
		{D64DC2AD-467A-423D-9035-6A6344DC31E3}.Release|Any CPU.Build.0 = Release|Any CPU
		{DE8488EA-547F-4A94-9E58-9EFD7E28729B}.Debug|Any CPU.ActiveCfg = Debug|Any CPU
		{DE8488EA-547F-4A94-9E58-9EFD7E28729B}.Debug|Any CPU.Build.0 = Debug|Any CPU
		{DE8488EA-547F-4A94-9E58-9EFD7E28729B}.Release|Any CPU.ActiveCfg = Release|Any CPU
		{DE8488EA-547F-4A94-9E58-9EFD7E28729B}.Release|Any CPU.Build.0 = Release|Any CPU
	EndGlobalSection
	GlobalSection(SolutionProperties) = preSolution
		HideSolutionNode = FALSE
	EndGlobalSection
	GlobalSection(ExtensibilityGlobals) = postSolution
		SolutionGuid = {CADD31BB-2AF1-4016-8870-1DD3CCFF81B1}
	EndGlobalSection
EndGlobal
