
Microsoft Visual Studio Solution File, Format Version 12.00
# Visual Studio Version 17
VisualStudioVersion = 17.2.32505.173
MinimumVisualStudioVersion = 10.0.40219.1
Project("{FAE04EC0-301F-11D3-BF4B-00C04F79EFBC}") = "E04", "BasicSyntaxConStatementsLoopsExercise\E04.csproj", "{5A09F5CF-89EE-4067-BCE8-D1EB6A7532EC}"
EndProject
Project("{FAE04EC0-301F-11D3-BF4B-00C04F79EFBC}") = "E05", "E05\E05.csproj", "{C8F25419-EBC4-48EE-9D44-36B70CAAEBD1}"
EndProject
Project("{FAE04EC0-301F-11D3-BF4B-00C04F79EFBC}") = "E06", "E06\E06.csproj", "{9EC96379-9AEF-482E-B46A-2C468C407CB8}"
EndProject
Project("{FAE04EC0-301F-11D3-BF4B-00C04F79EFBC}") = "E01", "E01\E01.csproj", "{AA99ECD1-AFE1-4E26-A791-C4751D0C39DD}"
EndProject
Project("{FAE04EC0-301F-11D3-BF4B-00C04F79EFBC}") = "E02", "E02\E02.csproj", "{1CFCC966-9B64-47CC-8960-DCAB1FB50F4B}"
EndProject
Project("{FAE04EC0-301F-11D3-BF4B-00C04F79EFBC}") = "E03", "E03\E03.csproj", "{7AA837A1-8D43-407A-9C54-FC8C49AFF3AB}"
EndProject
Project("{FAE04EC0-301F-11D3-BF4B-00C04F79EFBC}") = "E07", "E07\E07.csproj", "{1B1CD1A1-D091-4963-A55F-CB73BDF0A1AA}"
EndProject
Project("{FAE04EC0-301F-11D3-BF4B-00C04F79EFBC}") = "E08", "E08\E08.csproj", "{31F34355-27C0-4EE5-ACE7-A71BCD68E1DD}"
EndProject
Project("{FAE04EC0-301F-11D3-BF4B-00C04F79EFBC}") = "E09", "ConsoleApp1\E09.csproj", "{8E279B1B-9F8B-40FC-8ADE-05EC7DFE38E1}"
EndProject
Project("{FAE04EC0-301F-11D3-BF4B-00C04F79EFBC}") = "E10", "E10\E10.csproj", "{F010DB1D-277B-44C8-8D2E-01E1BDC6180E}"
EndProject
Project("{FAE04EC0-301F-11D3-BF4B-00C04F79EFBC}") = "E11", "E11\E11.csproj", "{6848FFFD-BFD1-4731-8029-E55B5045AEE3}"
EndProject
Project("{FAE04EC0-301F-11D3-BF4B-00C04F79EFBC}") = "E12", "E12\E12.csproj", "{D8E1551F-D249-4995-A375-3BD34147055C}"
EndProject
Project("{FAE04EC0-301F-11D3-BF4B-00C04F79EFBC}") = "E13", "E13\E13.csproj", "{00150042-E5FE-4E03-B114-B0DCA662F9D7}"
EndProject
Global
	GlobalSection(SolutionConfigurationPlatforms) = preSolution
		Debug|Any CPU = Debug|Any CPU
		Release|Any CPU = Release|Any CPU
	EndGlobalSection
	GlobalSection(ProjectConfigurationPlatforms) = postSolution
		{5A09F5CF-89EE-4067-BCE8-D1EB6A7532EC}.Debug|Any CPU.ActiveCfg = Debug|Any CPU
		{5A09F5CF-89EE-4067-BCE8-D1EB6A7532EC}.Debug|Any CPU.Build.0 = Debug|Any CPU
		{5A09F5CF-89EE-4067-BCE8-D1EB6A7532EC}.Release|Any CPU.ActiveCfg = Release|Any CPU
		{5A09F5CF-89EE-4067-BCE8-D1EB6A7532EC}.Release|Any CPU.Build.0 = Release|Any CPU
		{C8F25419-EBC4-48EE-9D44-36B70CAAEBD1}.Debug|Any CPU.ActiveCfg = Debug|Any CPU
		{C8F25419-EBC4-48EE-9D44-36B70CAAEBD1}.Debug|Any CPU.Build.0 = Debug|Any CPU
		{C8F25419-EBC4-48EE-9D44-36B70CAAEBD1}.Release|Any CPU.ActiveCfg = Release|Any CPU
		{C8F25419-EBC4-48EE-9D44-36B70CAAEBD1}.Release|Any CPU.Build.0 = Release|Any CPU
		{9EC96379-9AEF-482E-B46A-2C468C407CB8}.Debug|Any CPU.ActiveCfg = Debug|Any CPU
		{9EC96379-9AEF-482E-B46A-2C468C407CB8}.Debug|Any CPU.Build.0 = Debug|Any CPU
		{9EC96379-9AEF-482E-B46A-2C468C407CB8}.Release|Any CPU.ActiveCfg = Release|Any CPU
		{9EC96379-9AEF-482E-B46A-2C468C407CB8}.Release|Any CPU.Build.0 = Release|Any CPU
		{AA99ECD1-AFE1-4E26-A791-C4751D0C39DD}.Debug|Any CPU.ActiveCfg = Debug|Any CPU
		{AA99ECD1-AFE1-4E26-A791-C4751D0C39DD}.Debug|Any CPU.Build.0 = Debug|Any CPU
		{AA99ECD1-AFE1-4E26-A791-C4751D0C39DD}.Release|Any CPU.ActiveCfg = Release|Any CPU
		{AA99ECD1-AFE1-4E26-A791-C4751D0C39DD}.Release|Any CPU.Build.0 = Release|Any CPU
		{1CFCC966-9B64-47CC-8960-DCAB1FB50F4B}.Debug|Any CPU.ActiveCfg = Debug|Any CPU
		{1CFCC966-9B64-47CC-8960-DCAB1FB50F4B}.Debug|Any CPU.Build.0 = Debug|Any CPU
		{1CFCC966-9B64-47CC-8960-DCAB1FB50F4B}.Release|Any CPU.ActiveCfg = Release|Any CPU
		{1CFCC966-9B64-47CC-8960-DCAB1FB50F4B}.Release|Any CPU.Build.0 = Release|Any CPU
		{7AA837A1-8D43-407A-9C54-FC8C49AFF3AB}.Debug|Any CPU.ActiveCfg = Debug|Any CPU
		{7AA837A1-8D43-407A-9C54-FC8C49AFF3AB}.Debug|Any CPU.Build.0 = Debug|Any CPU
		{7AA837A1-8D43-407A-9C54-FC8C49AFF3AB}.Release|Any CPU.ActiveCfg = Release|Any CPU
		{7AA837A1-8D43-407A-9C54-FC8C49AFF3AB}.Release|Any CPU.Build.0 = Release|Any CPU
		{1B1CD1A1-D091-4963-A55F-CB73BDF0A1AA}.Debug|Any CPU.ActiveCfg = Debug|Any CPU
		{1B1CD1A1-D091-4963-A55F-CB73BDF0A1AA}.Debug|Any CPU.Build.0 = Debug|Any CPU
		{1B1CD1A1-D091-4963-A55F-CB73BDF0A1AA}.Release|Any CPU.ActiveCfg = Release|Any CPU
		{1B1CD1A1-D091-4963-A55F-CB73BDF0A1AA}.Release|Any CPU.Build.0 = Release|Any CPU
		{31F34355-27C0-4EE5-ACE7-A71BCD68E1DD}.Debug|Any CPU.ActiveCfg = Debug|Any CPU
		{31F34355-27C0-4EE5-ACE7-A71BCD68E1DD}.Debug|Any CPU.Build.0 = Debug|Any CPU
		{31F34355-27C0-4EE5-ACE7-A71BCD68E1DD}.Release|Any CPU.ActiveCfg = Release|Any CPU
		{31F34355-27C0-4EE5-ACE7-A71BCD68E1DD}.Release|Any CPU.Build.0 = Release|Any CPU
		{8E279B1B-9F8B-40FC-8ADE-05EC7DFE38E1}.Debug|Any CPU.ActiveCfg = Debug|Any CPU
		{8E279B1B-9F8B-40FC-8ADE-05EC7DFE38E1}.Debug|Any CPU.Build.0 = Debug|Any CPU
		{8E279B1B-9F8B-40FC-8ADE-05EC7DFE38E1}.Release|Any CPU.ActiveCfg = Release|Any CPU
		{8E279B1B-9F8B-40FC-8ADE-05EC7DFE38E1}.Release|Any CPU.Build.0 = Release|Any CPU
		{F010DB1D-277B-44C8-8D2E-01E1BDC6180E}.Debug|Any CPU.ActiveCfg = Debug|Any CPU
		{F010DB1D-277B-44C8-8D2E-01E1BDC6180E}.Debug|Any CPU.Build.0 = Debug|Any CPU
		{F010DB1D-277B-44C8-8D2E-01E1BDC6180E}.Release|Any CPU.ActiveCfg = Release|Any CPU
		{F010DB1D-277B-44C8-8D2E-01E1BDC6180E}.Release|Any CPU.Build.0 = Release|Any CPU
		{6848FFFD-BFD1-4731-8029-E55B5045AEE3}.Debug|Any CPU.ActiveCfg = Debug|Any CPU
		{6848FFFD-BFD1-4731-8029-E55B5045AEE3}.Debug|Any CPU.Build.0 = Debug|Any CPU
		{6848FFFD-BFD1-4731-8029-E55B5045AEE3}.Release|Any CPU.ActiveCfg = Release|Any CPU
		{6848FFFD-BFD1-4731-8029-E55B5045AEE3}.Release|Any CPU.Build.0 = Release|Any CPU
		{D8E1551F-D249-4995-A375-3BD34147055C}.Debug|Any CPU.ActiveCfg = Debug|Any CPU
		{D8E1551F-D249-4995-A375-3BD34147055C}.Debug|Any CPU.Build.0 = Debug|Any CPU
		{D8E1551F-D249-4995-A375-3BD34147055C}.Release|Any CPU.ActiveCfg = Release|Any CPU
		{D8E1551F-D249-4995-A375-3BD34147055C}.Release|Any CPU.Build.0 = Release|Any CPU
		{00150042-E5FE-4E03-B114-B0DCA662F9D7}.Debug|Any CPU.ActiveCfg = Debug|Any CPU
		{00150042-E5FE-4E03-B114-B0DCA662F9D7}.Debug|Any CPU.Build.0 = Debug|Any CPU
		{00150042-E5FE-4E03-B114-B0DCA662F9D7}.Release|Any CPU.ActiveCfg = Release|Any CPU
		{00150042-E5FE-4E03-B114-B0DCA662F9D7}.Release|Any CPU.Build.0 = Release|Any CPU
	EndGlobalSection
	GlobalSection(SolutionProperties) = preSolution
		HideSolutionNode = FALSE
	EndGlobalSection
	GlobalSection(ExtensibilityGlobals) = postSolution
		SolutionGuid = {430FAD9A-9274-4FF7-8339-E8C894775630}
	EndGlobalSection
EndGlobal
