
Microsoft Visual Studio Solution File, Format Version 12.00
# Visual Studio Version 17
VisualStudioVersion = 17.2.32505.173
MinimumVisualStudioVersion = 10.0.40219.1
Project("{9A19103F-16F7-4668-BE54-9A1E7A4F7556}") = "E01", "E01\E01.csproj", "{B864E0D3-0E95-4AE7-B7FA-55B43D1964FF}"
EndProject
Project("{9A19103F-16F7-4668-BE54-9A1E7A4F7556}") = "E02", "E02\E02.csproj", "{9CD302E3-A81E-40BC-A49A-304823F7316C}"
EndProject
Project("{9A19103F-16F7-4668-BE54-9A1E7A4F7556}") = "E03", "E03\E03.csproj", "{C1490D53-938E-4950-BCEC-9F3CE1F6DC6E}"
EndProject
Project("{9A19103F-16F7-4668-BE54-9A1E7A4F7556}") = "E04", "E04\E04.csproj", "{CE6492F0-BB67-4B10-B661-289EA690160B}"
EndProject
Project("{FAE04EC0-301F-11D3-BF4B-00C04F79EFBC}") = "E05", "E05\E05.csproj", "{266AB974-7584-4AD3-B02B-9BC4F44A236F}"
EndProject
Project("{FAE04EC0-301F-11D3-BF4B-00C04F79EFBC}") = "E06", "E06\E06.csproj", "{0F3B4068-65DB-43CC-8B8D-BCEFD6544B0E}"
EndProject
Project("{FAE04EC0-301F-11D3-BF4B-00C04F79EFBC}") = "E11", "E11\E11.csproj", "{21C81534-FF37-44B0-B1B4-9C61A6AB802D}"
EndProject
Project("{FAE04EC0-301F-11D3-BF4B-00C04F79EFBC}") = "E07", "E07\E07.csproj", "{90009317-D3DB-4526-BF89-2B26016083B7}"
EndProject
Project("{FAE04EC0-301F-11D3-BF4B-00C04F79EFBC}") = "E08", "E08\E08.csproj", "{CE48C2C3-4EE0-4C4C-9159-84AD8E9D1490}"
EndProject
Project("{FAE04EC0-301F-11D3-BF4B-00C04F79EFBC}") = "E09", "E09\E09.csproj", "{6A260BFE-0193-4211-B3EB-544AC338AAB8}"
EndProject
Project("{FAE04EC0-301F-11D3-BF4B-00C04F79EFBC}") = "E10", "E10\E10.csproj", "{12974AB4-4CE5-4889-AD6E-CDB21C74917E}"
EndProject
Global
	GlobalSection(SolutionConfigurationPlatforms) = preSolution
		Debug|Any CPU = Debug|Any CPU
		Release|Any CPU = Release|Any CPU
	EndGlobalSection
	GlobalSection(ProjectConfigurationPlatforms) = postSolution
		{B864E0D3-0E95-4AE7-B7FA-55B43D1964FF}.Debug|Any CPU.ActiveCfg = Debug|Any CPU
		{B864E0D3-0E95-4AE7-B7FA-55B43D1964FF}.Debug|Any CPU.Build.0 = Debug|Any CPU
		{B864E0D3-0E95-4AE7-B7FA-55B43D1964FF}.Release|Any CPU.ActiveCfg = Release|Any CPU
		{B864E0D3-0E95-4AE7-B7FA-55B43D1964FF}.Release|Any CPU.Build.0 = Release|Any CPU
		{9CD302E3-A81E-40BC-A49A-304823F7316C}.Debug|Any CPU.ActiveCfg = Debug|Any CPU
		{9CD302E3-A81E-40BC-A49A-304823F7316C}.Debug|Any CPU.Build.0 = Debug|Any CPU
		{9CD302E3-A81E-40BC-A49A-304823F7316C}.Release|Any CPU.ActiveCfg = Release|Any CPU
		{9CD302E3-A81E-40BC-A49A-304823F7316C}.Release|Any CPU.Build.0 = Release|Any CPU
		{C1490D53-938E-4950-BCEC-9F3CE1F6DC6E}.Debug|Any CPU.ActiveCfg = Debug|Any CPU
		{C1490D53-938E-4950-BCEC-9F3CE1F6DC6E}.Debug|Any CPU.Build.0 = Debug|Any CPU
		{C1490D53-938E-4950-BCEC-9F3CE1F6DC6E}.Release|Any CPU.ActiveCfg = Release|Any CPU
		{C1490D53-938E-4950-BCEC-9F3CE1F6DC6E}.Release|Any CPU.Build.0 = Release|Any CPU
		{CE6492F0-BB67-4B10-B661-289EA690160B}.Debug|Any CPU.ActiveCfg = Debug|Any CPU
		{CE6492F0-BB67-4B10-B661-289EA690160B}.Debug|Any CPU.Build.0 = Debug|Any CPU
		{CE6492F0-BB67-4B10-B661-289EA690160B}.Release|Any CPU.ActiveCfg = Release|Any CPU
		{CE6492F0-BB67-4B10-B661-289EA690160B}.Release|Any CPU.Build.0 = Release|Any CPU
		{266AB974-7584-4AD3-B02B-9BC4F44A236F}.Debug|Any CPU.ActiveCfg = Debug|Any CPU
		{266AB974-7584-4AD3-B02B-9BC4F44A236F}.Debug|Any CPU.Build.0 = Debug|Any CPU
		{266AB974-7584-4AD3-B02B-9BC4F44A236F}.Release|Any CPU.ActiveCfg = Release|Any CPU
		{266AB974-7584-4AD3-B02B-9BC4F44A236F}.Release|Any CPU.Build.0 = Release|Any CPU
		{0F3B4068-65DB-43CC-8B8D-BCEFD6544B0E}.Debug|Any CPU.ActiveCfg = Debug|Any CPU
		{0F3B4068-65DB-43CC-8B8D-BCEFD6544B0E}.Debug|Any CPU.Build.0 = Debug|Any CPU
		{0F3B4068-65DB-43CC-8B8D-BCEFD6544B0E}.Release|Any CPU.ActiveCfg = Release|Any CPU
		{0F3B4068-65DB-43CC-8B8D-BCEFD6544B0E}.Release|Any CPU.Build.0 = Release|Any CPU
		{21C81534-FF37-44B0-B1B4-9C61A6AB802D}.Debug|Any CPU.ActiveCfg = Debug|Any CPU
		{21C81534-FF37-44B0-B1B4-9C61A6AB802D}.Debug|Any CPU.Build.0 = Debug|Any CPU
		{21C81534-FF37-44B0-B1B4-9C61A6AB802D}.Release|Any CPU.ActiveCfg = Release|Any CPU
		{21C81534-FF37-44B0-B1B4-9C61A6AB802D}.Release|Any CPU.Build.0 = Release|Any CPU
		{90009317-D3DB-4526-BF89-2B26016083B7}.Debug|Any CPU.ActiveCfg = Debug|Any CPU
		{90009317-D3DB-4526-BF89-2B26016083B7}.Debug|Any CPU.Build.0 = Debug|Any CPU
		{90009317-D3DB-4526-BF89-2B26016083B7}.Release|Any CPU.ActiveCfg = Release|Any CPU
		{90009317-D3DB-4526-BF89-2B26016083B7}.Release|Any CPU.Build.0 = Release|Any CPU
		{CE48C2C3-4EE0-4C4C-9159-84AD8E9D1490}.Debug|Any CPU.ActiveCfg = Debug|Any CPU
		{CE48C2C3-4EE0-4C4C-9159-84AD8E9D1490}.Debug|Any CPU.Build.0 = Debug|Any CPU
		{CE48C2C3-4EE0-4C4C-9159-84AD8E9D1490}.Release|Any CPU.ActiveCfg = Release|Any CPU
		{CE48C2C3-4EE0-4C4C-9159-84AD8E9D1490}.Release|Any CPU.Build.0 = Release|Any CPU
		{6A260BFE-0193-4211-B3EB-544AC338AAB8}.Debug|Any CPU.ActiveCfg = Debug|Any CPU
		{6A260BFE-0193-4211-B3EB-544AC338AAB8}.Debug|Any CPU.Build.0 = Debug|Any CPU
		{6A260BFE-0193-4211-B3EB-544AC338AAB8}.Release|Any CPU.ActiveCfg = Release|Any CPU
		{6A260BFE-0193-4211-B3EB-544AC338AAB8}.Release|Any CPU.Build.0 = Release|Any CPU
		{12974AB4-4CE5-4889-AD6E-CDB21C74917E}.Debug|Any CPU.ActiveCfg = Debug|Any CPU
		{12974AB4-4CE5-4889-AD6E-CDB21C74917E}.Debug|Any CPU.Build.0 = Debug|Any CPU
		{12974AB4-4CE5-4889-AD6E-CDB21C74917E}.Release|Any CPU.ActiveCfg = Release|Any CPU
		{12974AB4-4CE5-4889-AD6E-CDB21C74917E}.Release|Any CPU.Build.0 = Release|Any CPU
	EndGlobalSection
	GlobalSection(SolutionProperties) = preSolution
		HideSolutionNode = FALSE
	EndGlobalSection
	GlobalSection(ExtensibilityGlobals) = postSolution
		SolutionGuid = {BA81A16E-69B6-45D5-9274-7EE512D1FA9F}
	EndGlobalSection
EndGlobal
