
Microsoft Visual Studio Solution File, Format Version 12.00
# Visual Studio Version 17
VisualStudioVersion = 17.2.32505.173
MinimumVisualStudioVersion = 10.0.40219.1
Project("{9A19103F-16F7-4668-BE54-9A1E7A4F7556}") = "E02", "NastedLoopsMoreExercises\E02.csproj", "{816B80EE-84FD-40C9-82EB-BF9ABC625DDE}"
EndProject
Project("{9A19103F-16F7-4668-BE54-9A1E7A4F7556}") = "E04", "E02\E04.csproj", "{EF6D0884-2061-40D5-8424-5EA47DC69DA6}"
EndProject
Project("{9A19103F-16F7-4668-BE54-9A1E7A4F7556}") = "E03", "E03\E03.csproj", "{6B6214D7-C69F-4A57-8C61-CF7D38643A75}"
EndProject
Project("{9A19103F-16F7-4668-BE54-9A1E7A4F7556}") = "E05", "E05\E05.csproj", "{E43173A8-377F-47D8-A2C0-13DEBA474CB0}"
EndProject
Project("{9A19103F-16F7-4668-BE54-9A1E7A4F7556}") = "E06", "E06\E06.csproj", "{4DBD1A55-4FC0-445A-A111-139BFA77E2D3}"
EndProject
Project("{9A19103F-16F7-4668-BE54-9A1E7A4F7556}") = "E07", "E07\E07.csproj", "{5A0F971D-0DF2-4CC3-A45F-ADEA36739038}"
EndProject
Project("{FAE04EC0-301F-11D3-BF4B-00C04F79EFBC}") = "E08", "E08\E08.csproj", "{C50691C4-B1AC-4717-8294-E90C6B90B9B6}"
EndProject
Project("{FAE04EC0-301F-11D3-BF4B-00C04F79EFBC}") = "E09", "E09\E09.csproj", "{FAC1AC0F-9DFF-46A2-9DC2-FD3B8365BB26}"
EndProject
Project("{FAE04EC0-301F-11D3-BF4B-00C04F79EFBC}") = "E10", "E10\E10.csproj", "{2DDC5D43-0E57-4418-BD3C-1E60545B9A17}"
EndProject
Project("{FAE04EC0-301F-11D3-BF4B-00C04F79EFBC}") = "E11", "E11\E11.csproj", "{3A67EF5D-3AB6-4B10-A334-DC1011A12231}"
EndProject
Project("{FAE04EC0-301F-11D3-BF4B-00C04F79EFBC}") = "E12", "E12\E12.csproj", "{454D47DD-2953-473A-98C7-51F9FA2CBF62}"
EndProject
Project("{FAE04EC0-301F-11D3-BF4B-00C04F79EFBC}") = "E13", "E13\E13.csproj", "{293F0E19-AD8A-44DF-BCA0-1D45F7C4F916}"
EndProject
Project("{FAE04EC0-301F-11D3-BF4B-00C04F79EFBC}") = "E14", "E14\E14.csproj", "{704460F8-742C-47F1-8B82-5B45B15347E3}"
EndProject
Project("{FAE04EC0-301F-11D3-BF4B-00C04F79EFBC}") = "E01", "E01\E01.csproj", "{200113B6-E5A5-4A2F-BF76-EBFEDAD46EA7}"
EndProject
Global
	GlobalSection(SolutionConfigurationPlatforms) = preSolution
		Debug|Any CPU = Debug|Any CPU
		Release|Any CPU = Release|Any CPU
	EndGlobalSection
	GlobalSection(ProjectConfigurationPlatforms) = postSolution
		{816B80EE-84FD-40C9-82EB-BF9ABC625DDE}.Debug|Any CPU.ActiveCfg = Debug|Any CPU
		{816B80EE-84FD-40C9-82EB-BF9ABC625DDE}.Debug|Any CPU.Build.0 = Debug|Any CPU
		{816B80EE-84FD-40C9-82EB-BF9ABC625DDE}.Release|Any CPU.ActiveCfg = Release|Any CPU
		{816B80EE-84FD-40C9-82EB-BF9ABC625DDE}.Release|Any CPU.Build.0 = Release|Any CPU
		{EF6D0884-2061-40D5-8424-5EA47DC69DA6}.Debug|Any CPU.ActiveCfg = Debug|Any CPU
		{EF6D0884-2061-40D5-8424-5EA47DC69DA6}.Debug|Any CPU.Build.0 = Debug|Any CPU
		{EF6D0884-2061-40D5-8424-5EA47DC69DA6}.Release|Any CPU.ActiveCfg = Release|Any CPU
		{EF6D0884-2061-40D5-8424-5EA47DC69DA6}.Release|Any CPU.Build.0 = Release|Any CPU
		{6B6214D7-C69F-4A57-8C61-CF7D38643A75}.Debug|Any CPU.ActiveCfg = Debug|Any CPU
		{6B6214D7-C69F-4A57-8C61-CF7D38643A75}.Debug|Any CPU.Build.0 = Debug|Any CPU
		{6B6214D7-C69F-4A57-8C61-CF7D38643A75}.Release|Any CPU.ActiveCfg = Release|Any CPU
		{6B6214D7-C69F-4A57-8C61-CF7D38643A75}.Release|Any CPU.Build.0 = Release|Any CPU
		{E43173A8-377F-47D8-A2C0-13DEBA474CB0}.Debug|Any CPU.ActiveCfg = Debug|Any CPU
		{E43173A8-377F-47D8-A2C0-13DEBA474CB0}.Debug|Any CPU.Build.0 = Debug|Any CPU
		{E43173A8-377F-47D8-A2C0-13DEBA474CB0}.Release|Any CPU.ActiveCfg = Release|Any CPU
		{E43173A8-377F-47D8-A2C0-13DEBA474CB0}.Release|Any CPU.Build.0 = Release|Any CPU
		{4DBD1A55-4FC0-445A-A111-139BFA77E2D3}.Debug|Any CPU.ActiveCfg = Debug|Any CPU
		{4DBD1A55-4FC0-445A-A111-139BFA77E2D3}.Debug|Any CPU.Build.0 = Debug|Any CPU
		{4DBD1A55-4FC0-445A-A111-139BFA77E2D3}.Release|Any CPU.ActiveCfg = Release|Any CPU
		{4DBD1A55-4FC0-445A-A111-139BFA77E2D3}.Release|Any CPU.Build.0 = Release|Any CPU
		{5A0F971D-0DF2-4CC3-A45F-ADEA36739038}.Debug|Any CPU.ActiveCfg = Debug|Any CPU
		{5A0F971D-0DF2-4CC3-A45F-ADEA36739038}.Debug|Any CPU.Build.0 = Debug|Any CPU
		{5A0F971D-0DF2-4CC3-A45F-ADEA36739038}.Release|Any CPU.ActiveCfg = Release|Any CPU
		{5A0F971D-0DF2-4CC3-A45F-ADEA36739038}.Release|Any CPU.Build.0 = Release|Any CPU
		{C50691C4-B1AC-4717-8294-E90C6B90B9B6}.Debug|Any CPU.ActiveCfg = Debug|Any CPU
		{C50691C4-B1AC-4717-8294-E90C6B90B9B6}.Debug|Any CPU.Build.0 = Debug|Any CPU
		{C50691C4-B1AC-4717-8294-E90C6B90B9B6}.Release|Any CPU.ActiveCfg = Release|Any CPU
		{C50691C4-B1AC-4717-8294-E90C6B90B9B6}.Release|Any CPU.Build.0 = Release|Any CPU
		{FAC1AC0F-9DFF-46A2-9DC2-FD3B8365BB26}.Debug|Any CPU.ActiveCfg = Debug|Any CPU
		{FAC1AC0F-9DFF-46A2-9DC2-FD3B8365BB26}.Debug|Any CPU.Build.0 = Debug|Any CPU
		{FAC1AC0F-9DFF-46A2-9DC2-FD3B8365BB26}.Release|Any CPU.ActiveCfg = Release|Any CPU
		{FAC1AC0F-9DFF-46A2-9DC2-FD3B8365BB26}.Release|Any CPU.Build.0 = Release|Any CPU
		{2DDC5D43-0E57-4418-BD3C-1E60545B9A17}.Debug|Any CPU.ActiveCfg = Debug|Any CPU
		{2DDC5D43-0E57-4418-BD3C-1E60545B9A17}.Debug|Any CPU.Build.0 = Debug|Any CPU
		{2DDC5D43-0E57-4418-BD3C-1E60545B9A17}.Release|Any CPU.ActiveCfg = Release|Any CPU
		{2DDC5D43-0E57-4418-BD3C-1E60545B9A17}.Release|Any CPU.Build.0 = Release|Any CPU
		{3A67EF5D-3AB6-4B10-A334-DC1011A12231}.Debug|Any CPU.ActiveCfg = Debug|Any CPU
		{3A67EF5D-3AB6-4B10-A334-DC1011A12231}.Debug|Any CPU.Build.0 = Debug|Any CPU
		{3A67EF5D-3AB6-4B10-A334-DC1011A12231}.Release|Any CPU.ActiveCfg = Release|Any CPU
		{3A67EF5D-3AB6-4B10-A334-DC1011A12231}.Release|Any CPU.Build.0 = Release|Any CPU
		{454D47DD-2953-473A-98C7-51F9FA2CBF62}.Debug|Any CPU.ActiveCfg = Debug|Any CPU
		{454D47DD-2953-473A-98C7-51F9FA2CBF62}.Debug|Any CPU.Build.0 = Debug|Any CPU
		{454D47DD-2953-473A-98C7-51F9FA2CBF62}.Release|Any CPU.ActiveCfg = Release|Any CPU
		{454D47DD-2953-473A-98C7-51F9FA2CBF62}.Release|Any CPU.Build.0 = Release|Any CPU
		{293F0E19-AD8A-44DF-BCA0-1D45F7C4F916}.Debug|Any CPU.ActiveCfg = Debug|Any CPU
		{293F0E19-AD8A-44DF-BCA0-1D45F7C4F916}.Debug|Any CPU.Build.0 = Debug|Any CPU
		{293F0E19-AD8A-44DF-BCA0-1D45F7C4F916}.Release|Any CPU.ActiveCfg = Release|Any CPU
		{293F0E19-AD8A-44DF-BCA0-1D45F7C4F916}.Release|Any CPU.Build.0 = Release|Any CPU
		{704460F8-742C-47F1-8B82-5B45B15347E3}.Debug|Any CPU.ActiveCfg = Debug|Any CPU
		{704460F8-742C-47F1-8B82-5B45B15347E3}.Debug|Any CPU.Build.0 = Debug|Any CPU
		{704460F8-742C-47F1-8B82-5B45B15347E3}.Release|Any CPU.ActiveCfg = Release|Any CPU
		{704460F8-742C-47F1-8B82-5B45B15347E3}.Release|Any CPU.Build.0 = Release|Any CPU
		{200113B6-E5A5-4A2F-BF76-EBFEDAD46EA7}.Debug|Any CPU.ActiveCfg = Debug|Any CPU
		{200113B6-E5A5-4A2F-BF76-EBFEDAD46EA7}.Debug|Any CPU.Build.0 = Debug|Any CPU
		{200113B6-E5A5-4A2F-BF76-EBFEDAD46EA7}.Release|Any CPU.ActiveCfg = Release|Any CPU
		{200113B6-E5A5-4A2F-BF76-EBFEDAD46EA7}.Release|Any CPU.Build.0 = Release|Any CPU
	EndGlobalSection
	GlobalSection(SolutionProperties) = preSolution
		HideSolutionNode = FALSE
	EndGlobalSection
	GlobalSection(ExtensibilityGlobals) = postSolution
		SolutionGuid = {0A3CAE8C-A6A3-49BA-BFA2-0B43FE909325}
	EndGlobalSection
EndGlobal
