
Microsoft Visual Studio Solution File, Format Version 12.00
# Visual Studio Version 17
VisualStudioVersion = 17.2.32505.173
MinimumVisualStudioVersion = 10.0.40219.1
Project("{FAE04EC0-301F-11D3-BF4B-00C04F79EFBC}") = "E01", "7.[foundamentals]Data Types and Variables\E01.csproj", "{2659781D-9A01-4949-9E1B-6D4F6CF95E1C}"
EndProject
Project("{FAE04EC0-301F-11D3-BF4B-00C04F79EFBC}") = "E02", "E02\E02.csproj", "{599D8FF4-AE62-44B1-AFD9-F62A7BCF4EDE}"
EndProject
Project("{FAE04EC0-301F-11D3-BF4B-00C04F79EFBC}") = "E03", "E03\E03.csproj", "{81E4BD7E-2DA5-4ECF-B9A6-469D68308436}"
EndProject
Project("{FAE04EC0-301F-11D3-BF4B-00C04F79EFBC}") = "E04", "E04\E04.csproj", "{2C974DBF-7DBE-447B-97DA-A3042D63A1D0}"
EndProject
Project("{FAE04EC0-301F-11D3-BF4B-00C04F79EFBC}") = "E05", "E05\E05.csproj", "{4A6C10BA-4042-4537-8BBD-BD6022F9AE9D}"
EndProject
Project("{FAE04EC0-301F-11D3-BF4B-00C04F79EFBC}") = "E06", "E06\E06.csproj", "{7F3E8F93-A244-4F26-86D7-EF2DC73A16A7}"
EndProject
Project("{FAE04EC0-301F-11D3-BF4B-00C04F79EFBC}") = "E07", "E07\E07.csproj", "{5A6A331A-4148-487C-A792-2CEAED305695}"
EndProject
Project("{FAE04EC0-301F-11D3-BF4B-00C04F79EFBC}") = "E11", "E08\E11.csproj", "{4C3DB1A9-99B0-4391-B2F4-DB664D355B12}"
EndProject
Project("{FAE04EC0-301F-11D3-BF4B-00C04F79EFBC}") = "E09", "E09\E09.csproj", "{8FED8755-D3F0-4EED-AF71-3720D9C5FB3F}"
EndProject
Project("{FAE04EC0-301F-11D3-BF4B-00C04F79EFBC}") = "E08", "E8\E08.csproj", "{7323BD9C-3B2F-46A7-8251-5505EB7040C5}"
EndProject
Project("{FAE04EC0-301F-11D3-BF4B-00C04F79EFBC}") = "E10", "E10\E10.csproj", "{964A629E-B98B-4E8E-ACB8-593CF2795006}"
EndProject
Project("{FAE04EC0-301F-11D3-BF4B-00C04F79EFBC}") = "E12", "E12\E12.csproj", "{E558B2C2-000E-408E-B091-A34670C53936}"
EndProject
Global
	GlobalSection(SolutionConfigurationPlatforms) = preSolution
		Debug|Any CPU = Debug|Any CPU
		Release|Any CPU = Release|Any CPU
	EndGlobalSection
	GlobalSection(ProjectConfigurationPlatforms) = postSolution
		{2659781D-9A01-4949-9E1B-6D4F6CF95E1C}.Debug|Any CPU.ActiveCfg = Debug|Any CPU
		{2659781D-9A01-4949-9E1B-6D4F6CF95E1C}.Debug|Any CPU.Build.0 = Debug|Any CPU
		{2659781D-9A01-4949-9E1B-6D4F6CF95E1C}.Release|Any CPU.ActiveCfg = Release|Any CPU
		{2659781D-9A01-4949-9E1B-6D4F6CF95E1C}.Release|Any CPU.Build.0 = Release|Any CPU
		{599D8FF4-AE62-44B1-AFD9-F62A7BCF4EDE}.Debug|Any CPU.ActiveCfg = Debug|Any CPU
		{599D8FF4-AE62-44B1-AFD9-F62A7BCF4EDE}.Debug|Any CPU.Build.0 = Debug|Any CPU
		{599D8FF4-AE62-44B1-AFD9-F62A7BCF4EDE}.Release|Any CPU.ActiveCfg = Release|Any CPU
		{599D8FF4-AE62-44B1-AFD9-F62A7BCF4EDE}.Release|Any CPU.Build.0 = Release|Any CPU
		{81E4BD7E-2DA5-4ECF-B9A6-469D68308436}.Debug|Any CPU.ActiveCfg = Debug|Any CPU
		{81E4BD7E-2DA5-4ECF-B9A6-469D68308436}.Debug|Any CPU.Build.0 = Debug|Any CPU
		{81E4BD7E-2DA5-4ECF-B9A6-469D68308436}.Release|Any CPU.ActiveCfg = Release|Any CPU
		{81E4BD7E-2DA5-4ECF-B9A6-469D68308436}.Release|Any CPU.Build.0 = Release|Any CPU
		{2C974DBF-7DBE-447B-97DA-A3042D63A1D0}.Debug|Any CPU.ActiveCfg = Debug|Any CPU
		{2C974DBF-7DBE-447B-97DA-A3042D63A1D0}.Debug|Any CPU.Build.0 = Debug|Any CPU
		{2C974DBF-7DBE-447B-97DA-A3042D63A1D0}.Release|Any CPU.ActiveCfg = Release|Any CPU
		{2C974DBF-7DBE-447B-97DA-A3042D63A1D0}.Release|Any CPU.Build.0 = Release|Any CPU
		{4A6C10BA-4042-4537-8BBD-BD6022F9AE9D}.Debug|Any CPU.ActiveCfg = Debug|Any CPU
		{4A6C10BA-4042-4537-8BBD-BD6022F9AE9D}.Debug|Any CPU.Build.0 = Debug|Any CPU
		{4A6C10BA-4042-4537-8BBD-BD6022F9AE9D}.Release|Any CPU.ActiveCfg = Release|Any CPU
		{4A6C10BA-4042-4537-8BBD-BD6022F9AE9D}.Release|Any CPU.Build.0 = Release|Any CPU
		{7F3E8F93-A244-4F26-86D7-EF2DC73A16A7}.Debug|Any CPU.ActiveCfg = Debug|Any CPU
		{7F3E8F93-A244-4F26-86D7-EF2DC73A16A7}.Debug|Any CPU.Build.0 = Debug|Any CPU
		{7F3E8F93-A244-4F26-86D7-EF2DC73A16A7}.Release|Any CPU.ActiveCfg = Release|Any CPU
		{7F3E8F93-A244-4F26-86D7-EF2DC73A16A7}.Release|Any CPU.Build.0 = Release|Any CPU
		{5A6A331A-4148-487C-A792-2CEAED305695}.Debug|Any CPU.ActiveCfg = Debug|Any CPU
		{5A6A331A-4148-487C-A792-2CEAED305695}.Debug|Any CPU.Build.0 = Debug|Any CPU
		{5A6A331A-4148-487C-A792-2CEAED305695}.Release|Any CPU.ActiveCfg = Release|Any CPU
		{5A6A331A-4148-487C-A792-2CEAED305695}.Release|Any CPU.Build.0 = Release|Any CPU
		{4C3DB1A9-99B0-4391-B2F4-DB664D355B12}.Debug|Any CPU.ActiveCfg = Debug|Any CPU
		{4C3DB1A9-99B0-4391-B2F4-DB664D355B12}.Debug|Any CPU.Build.0 = Debug|Any CPU
		{4C3DB1A9-99B0-4391-B2F4-DB664D355B12}.Release|Any CPU.ActiveCfg = Release|Any CPU
		{4C3DB1A9-99B0-4391-B2F4-DB664D355B12}.Release|Any CPU.Build.0 = Release|Any CPU
		{8FED8755-D3F0-4EED-AF71-3720D9C5FB3F}.Debug|Any CPU.ActiveCfg = Debug|Any CPU
		{8FED8755-D3F0-4EED-AF71-3720D9C5FB3F}.Debug|Any CPU.Build.0 = Debug|Any CPU
		{8FED8755-D3F0-4EED-AF71-3720D9C5FB3F}.Release|Any CPU.ActiveCfg = Release|Any CPU
		{8FED8755-D3F0-4EED-AF71-3720D9C5FB3F}.Release|Any CPU.Build.0 = Release|Any CPU
		{7323BD9C-3B2F-46A7-8251-5505EB7040C5}.Debug|Any CPU.ActiveCfg = Debug|Any CPU
		{7323BD9C-3B2F-46A7-8251-5505EB7040C5}.Debug|Any CPU.Build.0 = Debug|Any CPU
		{7323BD9C-3B2F-46A7-8251-5505EB7040C5}.Release|Any CPU.ActiveCfg = Release|Any CPU
		{7323BD9C-3B2F-46A7-8251-5505EB7040C5}.Release|Any CPU.Build.0 = Release|Any CPU
		{964A629E-B98B-4E8E-ACB8-593CF2795006}.Debug|Any CPU.ActiveCfg = Debug|Any CPU
		{964A629E-B98B-4E8E-ACB8-593CF2795006}.Debug|Any CPU.Build.0 = Debug|Any CPU
		{964A629E-B98B-4E8E-ACB8-593CF2795006}.Release|Any CPU.ActiveCfg = Release|Any CPU
		{964A629E-B98B-4E8E-ACB8-593CF2795006}.Release|Any CPU.Build.0 = Release|Any CPU
		{E558B2C2-000E-408E-B091-A34670C53936}.Debug|Any CPU.ActiveCfg = Debug|Any CPU
		{E558B2C2-000E-408E-B091-A34670C53936}.Debug|Any CPU.Build.0 = Debug|Any CPU
		{E558B2C2-000E-408E-B091-A34670C53936}.Release|Any CPU.ActiveCfg = Release|Any CPU
		{E558B2C2-000E-408E-B091-A34670C53936}.Release|Any CPU.Build.0 = Release|Any CPU
	EndGlobalSection
	GlobalSection(SolutionProperties) = preSolution
		HideSolutionNode = FALSE
	EndGlobalSection
	GlobalSection(ExtensibilityGlobals) = postSolution
		SolutionGuid = {B9918C44-102C-4B7C-9AA8-442601A96FB5}
	EndGlobalSection
EndGlobal
