
Microsoft Visual Studio Solution File, Format Version 12.00
# Visual Studio Version 17
VisualStudioVersion = 17.2.32505.173
MinimumVisualStudioVersion = 10.0.40219.1
Project("{9A19103F-16F7-4668-BE54-9A1E7A4F7556}") = "P01", "Methods\P01.csproj", "{F9CEBB42-3385-4BA7-A6EE-936F66EEF71C}"
EndProject
Project("{9A19103F-16F7-4668-BE54-9A1E7A4F7556}") = "P02", "P02\P02.csproj", "{36FE1F40-18AC-4073-B6DE-FE194A81BC17}"
EndProject
Project("{9A19103F-16F7-4668-BE54-9A1E7A4F7556}") = "P03", "P03\P03.csproj", "{95EDF98E-A145-4A72-912E-279BBA72D7FC}"
EndProject
Project("{9A19103F-16F7-4668-BE54-9A1E7A4F7556}") = "P04", "P04\P04.csproj", "{E5DBA515-5219-4371-9C0E-BF5DA923020E}"
EndProject
Project("{9A19103F-16F7-4668-BE54-9A1E7A4F7556}") = "P05", "P05\P05.csproj", "{7E1DB8F0-1B04-4432-A349-F2D348BFDEA6}"
EndProject
Project("{9A19103F-16F7-4668-BE54-9A1E7A4F7556}") = "P06", "P06\P06.csproj", "{D27A58CB-E377-43CF-8AEB-7F8969E196F4}"
EndProject
Project("{9A19103F-16F7-4668-BE54-9A1E7A4F7556}") = "P07", "P07\P07.csproj", "{9FE65468-B68A-4780-B498-FFD3AB7DC30B}"
EndProject
Project("{9A19103F-16F7-4668-BE54-9A1E7A4F7556}") = "P08", "P08\P08.csproj", "{FE9A7BFE-1885-46F0-A612-F3AD85758C85}"
EndProject
Project("{9A19103F-16F7-4668-BE54-9A1E7A4F7556}") = "P09", "P09\P09.csproj", "{740D4BCB-4378-436F-BA74-C783C7B4B6A2}"
EndProject
Project("{9A19103F-16F7-4668-BE54-9A1E7A4F7556}") = "P10", "P10\P10.csproj", "{1D841C84-889D-409A-974F-581420B2FFBD}"
EndProject
Project("{9A19103F-16F7-4668-BE54-9A1E7A4F7556}") = "P11", "P11\P11.csproj", "{AB21BD08-9AC2-4319-AC8E-584BF3C126CE}"
EndProject
Global
	GlobalSection(SolutionConfigurationPlatforms) = preSolution
		Debug|Any CPU = Debug|Any CPU
		Release|Any CPU = Release|Any CPU
	EndGlobalSection
	GlobalSection(ProjectConfigurationPlatforms) = postSolution
		{F9CEBB42-3385-4BA7-A6EE-936F66EEF71C}.Debug|Any CPU.ActiveCfg = Debug|Any CPU
		{F9CEBB42-3385-4BA7-A6EE-936F66EEF71C}.Debug|Any CPU.Build.0 = Debug|Any CPU
		{F9CEBB42-3385-4BA7-A6EE-936F66EEF71C}.Release|Any CPU.ActiveCfg = Release|Any CPU
		{F9CEBB42-3385-4BA7-A6EE-936F66EEF71C}.Release|Any CPU.Build.0 = Release|Any CPU
		{36FE1F40-18AC-4073-B6DE-FE194A81BC17}.Debug|Any CPU.ActiveCfg = Debug|Any CPU
		{36FE1F40-18AC-4073-B6DE-FE194A81BC17}.Debug|Any CPU.Build.0 = Debug|Any CPU
		{36FE1F40-18AC-4073-B6DE-FE194A81BC17}.Release|Any CPU.ActiveCfg = Release|Any CPU
		{36FE1F40-18AC-4073-B6DE-FE194A81BC17}.Release|Any CPU.Build.0 = Release|Any CPU
		{95EDF98E-A145-4A72-912E-279BBA72D7FC}.Debug|Any CPU.ActiveCfg = Debug|Any CPU
		{95EDF98E-A145-4A72-912E-279BBA72D7FC}.Debug|Any CPU.Build.0 = Debug|Any CPU
		{95EDF98E-A145-4A72-912E-279BBA72D7FC}.Release|Any CPU.ActiveCfg = Release|Any CPU
		{95EDF98E-A145-4A72-912E-279BBA72D7FC}.Release|Any CPU.Build.0 = Release|Any CPU
		{E5DBA515-5219-4371-9C0E-BF5DA923020E}.Debug|Any CPU.ActiveCfg = Debug|Any CPU
		{E5DBA515-5219-4371-9C0E-BF5DA923020E}.Debug|Any CPU.Build.0 = Debug|Any CPU
		{E5DBA515-5219-4371-9C0E-BF5DA923020E}.Release|Any CPU.ActiveCfg = Release|Any CPU
		{E5DBA515-5219-4371-9C0E-BF5DA923020E}.Release|Any CPU.Build.0 = Release|Any CPU
		{7E1DB8F0-1B04-4432-A349-F2D348BFDEA6}.Debug|Any CPU.ActiveCfg = Debug|Any CPU
		{7E1DB8F0-1B04-4432-A349-F2D348BFDEA6}.Debug|Any CPU.Build.0 = Debug|Any CPU
		{7E1DB8F0-1B04-4432-A349-F2D348BFDEA6}.Release|Any CPU.ActiveCfg = Release|Any CPU
		{7E1DB8F0-1B04-4432-A349-F2D348BFDEA6}.Release|Any CPU.Build.0 = Release|Any CPU
		{D27A58CB-E377-43CF-8AEB-7F8969E196F4}.Debug|Any CPU.ActiveCfg = Debug|Any CPU
		{D27A58CB-E377-43CF-8AEB-7F8969E196F4}.Debug|Any CPU.Build.0 = Debug|Any CPU
		{D27A58CB-E377-43CF-8AEB-7F8969E196F4}.Release|Any CPU.ActiveCfg = Release|Any CPU
		{D27A58CB-E377-43CF-8AEB-7F8969E196F4}.Release|Any CPU.Build.0 = Release|Any CPU
		{9FE65468-B68A-4780-B498-FFD3AB7DC30B}.Debug|Any CPU.ActiveCfg = Debug|Any CPU
		{9FE65468-B68A-4780-B498-FFD3AB7DC30B}.Debug|Any CPU.Build.0 = Debug|Any CPU
		{9FE65468-B68A-4780-B498-FFD3AB7DC30B}.Release|Any CPU.ActiveCfg = Release|Any CPU
		{9FE65468-B68A-4780-B498-FFD3AB7DC30B}.Release|Any CPU.Build.0 = Release|Any CPU
		{FE9A7BFE-1885-46F0-A612-F3AD85758C85}.Debug|Any CPU.ActiveCfg = Debug|Any CPU
		{FE9A7BFE-1885-46F0-A612-F3AD85758C85}.Debug|Any CPU.Build.0 = Debug|Any CPU
		{FE9A7BFE-1885-46F0-A612-F3AD85758C85}.Release|Any CPU.ActiveCfg = Release|Any CPU
		{FE9A7BFE-1885-46F0-A612-F3AD85758C85}.Release|Any CPU.Build.0 = Release|Any CPU
		{740D4BCB-4378-436F-BA74-C783C7B4B6A2}.Debug|Any CPU.ActiveCfg = Debug|Any CPU
		{740D4BCB-4378-436F-BA74-C783C7B4B6A2}.Debug|Any CPU.Build.0 = Debug|Any CPU
		{740D4BCB-4378-436F-BA74-C783C7B4B6A2}.Release|Any CPU.ActiveCfg = Release|Any CPU
		{740D4BCB-4378-436F-BA74-C783C7B4B6A2}.Release|Any CPU.Build.0 = Release|Any CPU
		{1D841C84-889D-409A-974F-581420B2FFBD}.Debug|Any CPU.ActiveCfg = Debug|Any CPU
		{1D841C84-889D-409A-974F-581420B2FFBD}.Debug|Any CPU.Build.0 = Debug|Any CPU
		{1D841C84-889D-409A-974F-581420B2FFBD}.Release|Any CPU.ActiveCfg = Release|Any CPU
		{1D841C84-889D-409A-974F-581420B2FFBD}.Release|Any CPU.Build.0 = Release|Any CPU
		{AB21BD08-9AC2-4319-AC8E-584BF3C126CE}.Debug|Any CPU.ActiveCfg = Debug|Any CPU
		{AB21BD08-9AC2-4319-AC8E-584BF3C126CE}.Debug|Any CPU.Build.0 = Debug|Any CPU
		{AB21BD08-9AC2-4319-AC8E-584BF3C126CE}.Release|Any CPU.ActiveCfg = Release|Any CPU
		{AB21BD08-9AC2-4319-AC8E-584BF3C126CE}.Release|Any CPU.Build.0 = Release|Any CPU
	EndGlobalSection
	GlobalSection(SolutionProperties) = preSolution
		HideSolutionNode = FALSE
	EndGlobalSection
	GlobalSection(ExtensibilityGlobals) = postSolution
		SolutionGuid = {57A0C25B-641D-4B9F-AC25-7A046646C333}
	EndGlobalSection
EndGlobal
